// !$*UTF8*$!
{
	archiveVersion = 1;
	classes = {
	};
	objectVersion = 50;
	objects = {

/* Begin PBXBuildFile section */
		61BF22852481ACB80093D867 /* AppDelegate.swift in Sources */ = {isa = PBXBuildFile; fileRef = 61BF22842481ACB80093D867 /* AppDelegate.swift */; };
		61BF22872481ACB80093D867 /* SceneDelegate.swift in Sources */ = {isa = PBXBuildFile; fileRef = 61BF22862481ACB80093D867 /* SceneDelegate.swift */; };
		61BF228A2481ACB80093D867 /* Expense_Sheet.xcdatamodeld in Sources */ = {isa = PBXBuildFile; fileRef = 61BF22882481ACB80093D867 /* Expense_Sheet.xcdatamodeld */; };
		61BF228C2481ACB80093D867 /* ContentView.swift in Sources */ = {isa = PBXBuildFile; fileRef = 61BF228B2481ACB80093D867 /* ContentView.swift */; };
		61BF228E2481ACB90093D867 /* Assets.xcassets in Resources */ = {isa = PBXBuildFile; fileRef = 61BF228D2481ACB90093D867 /* Assets.xcassets */; };
		61BF22912481ACB90093D867 /* Preview Assets.xcassets in Resources */ = {isa = PBXBuildFile; fileRef = 61BF22902481ACB90093D867 /* Preview Assets.xcassets */; };
		61BF22942481ACB90093D867 /* LaunchScreen.storyboard in Resources */ = {isa = PBXBuildFile; fileRef = 61BF22922481ACB90093D867 /* LaunchScreen.storyboard */; };
/* End PBXBuildFile section */

/* Begin PBXFileReference section */
		61BF22812481ACB80093D867 /* Expense Sheet.app */ = {isa = PBXFileReference; explicitFileType = wrapper.application; includeInIndex = 0; path = "Expense Sheet.app"; sourceTree = BUILT_PRODUCTS_DIR; };
		61BF22842481ACB80093D867 /* AppDelegate.swift */ = {isa = PBXFileReference; lastKnownFileType = sourcecode.swift; path = AppDelegate.swift; sourceTree = "<group>"; };
		61BF22862481ACB80093D867 /* SceneDelegate.swift */ = {isa = PBXFileReference; lastKnownFileType = sourcecode.swift; path = SceneDelegate.swift; sourceTree = "<group>"; };
		61BF22892481ACB80093D867 /* Expense_Sheet.xcdatamodel */ = {isa = PBXFileReference; lastKnownFileType = wrapper.xcdatamodel; path = Expense_Sheet.xcdatamodel; sourceTree = "<group>"; };
		61BF228B2481ACB80093D867 /* ContentView.swift */ = {isa = PBXFileReference; lastKnownFileType = sourcecode.swift; path = ContentView.swift; sourceTree = "<group>"; };
		61BF228D2481ACB90093D867 /* Assets.xcassets */ = {isa = PBXFileReference; lastKnownFileType = folder.assetcatalog; path = Assets.xcassets; sourceTree = "<group>"; };
		61BF22902481ACB90093D867 /* Preview Assets.xcassets */ = {isa = PBXFileReference; lastKnownFileType = folder.assetcatalog; path = "Preview Assets.xcassets"; sourceTree = "<group>"; };
		61BF22932481ACB90093D867 /* Base */ = {isa = PBXFileReference; lastKnownFileType = file.storyboard; name = Base; path = Base.lproj/LaunchScreen.storyboard; sourceTree = "<group>"; };
		61BF22952481ACB90093D867 /* Info.plist */ = {isa = PBXFileReference; lastKnownFileType = text.plist.xml; path = Info.plist; sourceTree = "<group>"; };
/* End PBXFileReference section */

/* Begin PBXFrameworksBuildPhase section */
		61BF227E2481ACB80093D867 /* Frameworks */ = {
			isa = PBXFrameworksBuildPhase;
			buildActionMask = 2147483647;
			files = (
			);
			runOnlyForDeploymentPostprocessing = 0;
		};
/* End PBXFrameworksBuildPhase section */

/* Begin PBXGroup section */
		61BF22782481ACB80093D867 = {
			isa = PBXGroup;
			children = (
				61BF22832481ACB80093D867 /* Expense Sheet */,
				61BF22822481ACB80093D867 /* Products */,
			);
			sourceTree = "<group>";
		};
		61BF22822481ACB80093D867 /* Products */ = {
			isa = PBXGroup;
			children = (
				61BF22812481ACB80093D867 /* Expense Sheet.app */,
			);
			name = Products;
			sourceTree = "<group>";
		};
		61BF22832481ACB80093D867 /* Expense Sheet */ = {
			isa = PBXGroup;
			children = (
				61BF22842481ACB80093D867 /* AppDelegate.swift */,
				61BF22862481ACB80093D867 /* SceneDelegate.swift */,
				61BF228B2481ACB80093D867 /* ContentView.swift */,
				61BF228D2481ACB90093D867 /* Assets.xcassets */,
				61BF22922481ACB90093D867 /* LaunchScreen.storyboard */,
				61BF22952481ACB90093D867 /* Info.plist */,
				61BF22882481ACB80093D867 /* Expense_Sheet.xcdatamodeld */,
				61BF228F2481ACB90093D867 /* Preview Content */,
			);
			path = "Expense Sheet";
			sourceTree = "<group>";
		};
		61BF228F2481ACB90093D867 /* Preview Content */ = {
			isa = PBXGroup;
			children = (
				61BF22902481ACB90093D867 /* Preview Assets.xcassets */,
			);
			path = "Preview Content";
			sourceTree = "<group>";
		};
/* End PBXGroup section */

/* Begin PBXNativeTarget section */
		61BF22802481ACB80093D867 /* Expense Sheet */ = {
			isa = PBXNativeTarget;
			buildConfigurationList = 61BF22982481ACB90093D867 /* Build configuration list for PBXNativeTarget "Expense Sheet" */;
			buildPhases = (
				61BF227D2481ACB80093D867 /* Sources */,
				61BF227E2481ACB80093D867 /* Frameworks */,
				61BF227F2481ACB80093D867 /* Resources */,
			);
			buildRules = (
			);
			dependencies = (
			);
			name = "Expense Sheet";
			productName = "Expense Sheet";
			productReference = 61BF22812481ACB80093D867 /* Expense Sheet.app */;
			productType = "com.apple.product-type.application";
		};
/* End PBXNativeTarget section */

/* Begin PBXProject section */
		61BF22792481ACB80093D867 /* Project object */ = {
			isa = PBXProject;
			attributes = {
				LastSwiftUpdateCheck = 1150;
				LastUpgradeCheck = 1150;
				ORGANIZATIONNAME = "Bishal Aryal";
				TargetAttributes = {
					61BF22802481ACB80093D867 = {
						CreatedOnToolsVersion = 11.5;
					};
				};
			};
			buildConfigurationList = 61BF227C2481ACB80093D867 /* Build configuration list for PBXProject "Expense Sheet" */;
			compatibilityVersion = "Xcode 9.3";
			developmentRegion = en;
			hasScannedForEncodings = 0;
			knownRegions = (
				en,
				Base,
			);
			mainGroup = 61BF22782481ACB80093D867;
			productRefGroup = 61BF22822481ACB80093D867 /* Products */;
			projectDirPath = "";
			projectRoot = "";
			targets = (
				61BF22802481ACB80093D867 /* Expense Sheet */,
			);
		};
/* End PBXProject section */

/* Begin PBXResourcesBuildPhase section */
		61BF227F2481ACB80093D867 /* Resources */ = {
			isa = PBXResourcesBuildPhase;
			buildActionMask = 2147483647;
			files = (
				61BF22942481ACB90093D867 /* LaunchScreen.storyboard in Resources */,
				61BF22912481ACB90093D867 /* Preview Assets.xcassets in Resources */,
				61BF228E2481ACB90093D867 /* Assets.xcassets in Resources */,
			);
			runOnlyForDeploymentPostprocessing = 0;
		};
/* End PBXResourcesBuildPhase section */

/* Begin PBXSourcesBuildPhase section */
		61BF227D2481ACB80093D867 /* Sources */ = {
			isa = PBXSourcesBuildPhase;
			buildActionMask = 2147483647;
			files = (
				61BF228A2481ACB80093D867 /* Expense_Sheet.xcdatamodeld in Sources */,
				61BF22852481ACB80093D867 /* AppDelegate.swift in Sources */,
				61BF228C2481ACB80093D867 /* ContentView.swift in Sources */,
				61BF22872481ACB80093D867 /* SceneDelegate.swift in Sources */,
			);
			runOnlyForDeploymentPostprocessing = 0;
		};
/* End PBXSourcesBuildPhase section */

/* Begin PBXVariantGroup section */
		61BF22922481ACB90093D867 /* LaunchScreen.storyboard */ = {
			isa = PBXVariantGroup;
			children = (
				61BF22932481ACB90093D867 /* Base */,
			);
			name = LaunchScreen.storyboard;
			sourceTree = "<group>";
		};
/* End PBXVariantGroup section */

/* Begin XCBuildConfiguration section */
		61BF22962481ACB90093D867 /* Debug */ = {
			isa = XCBuildConfiguration;
			buildSettings = {
				ALWAYS_SEARCH_USER_PATHS = NO;
				CLANG_ANALYZER_NONNULL = YES;
				CLANG_ANALYZER_NUMBER_OBJECT_CONVERSION = YES_AGGRESSIVE;
				CLANG_CXX_LANGUAGE_STANDARD = "gnu++14";
				CLANG_CXX_LIBRARY = "libc++";
				CLANG_ENABLE_MODULES = YES;
				CLANG_ENABLE_OBJC_ARC = YES;
				CLANG_ENABLE_OBJC_WEAK = YES;
				CLANG_WARN_BLOCK_CAPTURE_AUTORELEASING = YES;
				CLANG_WARN_BOOL_CONVERSION = YES;
				CLANG_WARN_COMMA = YES;
				CLANG_WARN_CONSTANT_CONVERSION = YES;
				CLANG_WARN_DEPRECATED_OBJC_IMPLEMENTATIONS = YES;
				CLANG_WARN_DIRECT_OBJC_ISA_USAGE = YES_ERROR;
				CLANG_WARN_DOCUMENTATION_COMMENTS = YES;
				CLANG_WARN_EMPTY_BODY = YES;
				CLANG_WARN_ENUM_CONVERSION = YES;
				CLANG_WARN_INFINITE_RECURSION = YES;
				CLANG_WARN_INT_CONVERSION = YES;
				CLANG_WARN_NON_LITERAL_NULL_CONVERSION = YES;
				CLANG_WARN_OBJC_IMPLICIT_RETAIN_SELF = YES;
				CLANG_WARN_OBJC_LITERAL_CONVERSION = YES;
				CLANG_WARN_OBJC_ROOT_CLASS = YES_ERROR;
				CLANG_WARN_RANGE_LOOP_ANALYSIS = YES;
				CLANG_WARN_STRICT_PROTOTYPES = YES;
				CLANG_WARN_SUSPICIOUS_MOVE = YES;
				CLANG_WARN_UNGUARDED_AVAILABILITY = YES_AGGRESSIVE;
				CLANG_WARN_UNREACHABLE_CODE = YES;
				CLANG_WARN__DUPLICATE_METHOD_MATCH = YES;
				COPY_PHASE_STRIP = NO;
				DEBUG_INFORMATION_FORMAT = dwarf;
				ENABLE_STRICT_OBJC_MSGSEND = YES;
				ENABLE_TESTABILITY = YES;
				GCC_C_LANGUAGE_STANDARD = gnu11;
				GCC_DYNAMIC_NO_PIC = NO;
				GCC_NO_COMMON_BLOCKS = YES;
				GCC_OPTIMIZATION_LEVEL = 0;
				GCC_PREPROCESSOR_DEFINITIONS = (
					"DEBUG=1",
					"$(inherited)",
				);
				GCC_WARN_64_TO_32_BIT_CONVERSION = YES;
				GCC_WARN_ABOUT_RETURN_TYPE = YES_ERROR;
				GCC_WARN_UNDECLARED_SELECTOR = YES;
				GCC_WARN_UNINITIALIZED_AUTOS = YES_AGGRESSIVE;
				GCC_WARN_UNUSED_FUNCTION = YES;
				GCC_WARN_UNUSED_VARIABLE = YES;
				IPHONEOS_DEPLOYMENT_TARGET = 13.5;
				MTL_ENABLE_DEBUG_INFO = INCLUDE_SOURCE;
				MTL_FAST_MATH = YES;
				ONLY_ACTIVE_ARCH = YES;
				SDKROOT = iphoneos;
				SWIFT_ACTIVE_COMPILATION_CONDITIONS = DEBUG;
				SWIFT_OPTIMIZATION_LEVEL = "-Onone";
			};
			name = Debug;
		};
		61BF22972481ACB90093D867 /* Release */ = {
			isa = XCBuildConfiguration;
			buildSettings = {
				ALWAYS_SEARCH_USER_PATHS = NO;
				CLANG_ANALYZER_NONNULL = YES;
				CLANG_ANALYZER_NUMBER_OBJECT_CONVERSION = YES_AGGRESSIVE;
				CLANG_CXX_LANGUAGE_STANDARD = "gnu++14";
				CLANG_CXX_LIBRARY = "libc++";
				CLANG_ENABLE_MODULES = YES;
				CLANG_ENABLE_OBJC_ARC = YES;
				CLANG_ENABLE_OBJC_WEAK = YES;
				CLANG_WARN_BLOCK_CAPTURE_AUTORELEASING = YES;
				CLANG_WARN_BOOL_CONVERSION = YES;
				CLANG_WARN_COMMA = YES;
				CLANG_WARN_CONSTANT_CONVERSION = YES;
				CLANG_WARN_DEPRECATED_OBJC_IMPLEMENTATIONS = YES;
				CLANG_WARN_DIRECT_OBJC_ISA_USAGE = YES_ERROR;
				CLANG_WARN_DOCUMENTATION_COMMENTS = YES;
				CLANG_WARN_EMPTY_BODY = YES;
				CLANG_WARN_ENUM_CONVERSION = YES;
				CLANG_WARN_INFINITE_RECURSION = YES;
				CLANG_WARN_INT_CONVERSION = YES;
				CLANG_WARN_NON_LITERAL_NULL_CONVERSION = YES;
				CLANG_WARN_OBJC_IMPLICIT_RETAIN_SELF = YES;
				CLANG_WARN_OBJC_LITERAL_CONVERSION = YES;
				CLANG_WARN_OBJC_ROOT_CLASS = YES_ERROR;
				CLANG_WARN_RANGE_LOOP_ANALYSIS = YES;
				CLANG_WARN_STRICT_PROTOTYPES = YES;
				CLANG_WARN_SUSPICIOUS_MOVE = YES;
				CLANG_WARN_UNGUARDED_AVAILABILITY = YES_AGGRESSIVE;
				CLANG_WARN_UNREACHABLE_CODE = YES;
				CLANG_WARN__DUPLICATE_METHOD_MATCH = YES;
				COPY_PHASE_STRIP = NO;
				DEBUG_INFORMATION_FORMAT = "dwarf-with-dsym";
				ENABLE_NS_ASSERTIONS = NO;
				ENABLE_STRICT_OBJC_MSGSEND = YES;
				GCC_C_LANGUAGE_STANDARD = gnu11;
				GCC_NO_COMMON_BLOCKS = YES;
				GCC_WARN_64_TO_32_BIT_CONVERSION = YES;
				GCC_WARN_ABOUT_RETURN_TYPE = YES_ERROR;
				GCC_WARN_UNDECLARED_SELECTOR = YES;
				GCC_WARN_UNINITIALIZED_AUTOS = YES_AGGRESSIVE;
				GCC_WARN_UNUSED_FUNCTION = YES;
				GCC_WARN_UNUSED_VARIABLE = YES;
				IPHONEOS_DEPLOYMENT_TARGET = 13.5;
				MTL_ENABLE_DEBUG_INFO = NO;
				MTL_FAST_MATH = YES;
				SDKROOT = iphoneos;
				SWIFT_COMPILATION_MODE = wholemodule;
				SWIFT_OPTIMIZATION_LEVEL = "-O";
				VALIDATE_PRODUCT = YES;
			};
			name = Release;
		};
		61BF22992481ACB90093D867 /* Debug */ = {
			isa = XCBuildConfiguration;
			buildSettings = {
				ASSETCATALOG_COMPILER_APPICON_NAME = AppIcon;
				CODE_SIGN_STYLE = Automatic;
				DEVELOPMENT_ASSET_PATHS = "\"Expense Sheet/Preview Content\"";
				DEVELOPMENT_TEAM = HG4G2ZMGV8;
				ENABLE_PREVIEWS = YES;
				INFOPLIST_FILE = "Expense Sheet/Info.plist";
				LD_RUNPATH_SEARCH_PATHS = (
					"$(inherited)",
					"@executable_path/Frameworks",
				);
				PRODUCT_BUNDLE_IDENTIFIER = "biszaal.Expense-Sheet";
				PRODUCT_NAME = "$(TARGET_NAME)";
				SWIFT_VERSION = 5.0;
				TARGETED_DEVICE_FAMILY = "1,2";
			};
			name = Debug;
		};
		61BF229A2481ACB90093D867 /* Release */ = {
			isa = XCBuildConfiguration;
			buildSettings = {
				ASSETCATALOG_COMPILER_APPICON_NAME = AppIcon;
				CODE_SIGN_STYLE = Automatic;
				DEVELOPMENT_ASSET_PATHS = "\"Expense Sheet/Preview Content\"";
				DEVELOPMENT_TEAM = HG4G2ZMGV8;
				ENABLE_PREVIEWS = YES;
				INFOPLIST_FILE = "Expense Sheet/Info.plist";
				LD_RUNPATH_SEARCH_PATHS = (
					"$(inherited)",
					"@executable_path/Frameworks",
				);
				PRODUCT_BUNDLE_IDENTIFIER = "biszaal.Expense-Sheet";
				PRODUCT_NAME = "$(TARGET_NAME)";
				SWIFT_VERSION = 5.0;
				TARGETED_DEVICE_FAMILY = "1,2";
			};
			name = Release;
		};
/* End XCBuildConfiguration section */

/* Begin XCConfigurationList section */
		61BF227C2481ACB80093D867 /* Build configuration list for PBXProject "Expense Sheet" */ = {
			isa = XCConfigurationList;
			buildConfigurations = (
				61BF22962481ACB90093D867 /* Debug */,
				61BF22972481ACB90093D867 /* Release */,
			);
			defaultConfigurationIsVisible = 0;
			defaultConfigurationName = Release;
		};
		61BF22982481ACB90093D867 /* Build configuration list for PBXNativeTarget "Expense Sheet" */ = {
			isa = XCConfigurationList;
			buildConfigurations = (
				61BF22992481ACB90093D867 /* Debug */,
				61BF229A2481ACB90093D867 /* Release */,
			);
			defaultConfigurationIsVisible = 0;
			defaultConfigurationName = Release;
		};
/* End XCConfigurationList section */

/* Begin XCVersionGroup section */
		61BF22882481ACB80093D867 /* Expense_Sheet.xcdatamodeld */ = {
			isa = XCVersionGroup;
			children = (
				61BF22892481ACB80093D867 /* Expense_Sheet.xcdatamodel */,
			);
			currentVersion = 61BF22892481ACB80093D867 /* Expense_Sheet.xcdatamodel */;
			path = Expense_Sheet.xcdatamodeld;
			sourceTree = "<group>";
			versionGroupType = wrapper.xcdatamodel;
		};
/* End XCVersionGroup section */
	};
	rootObject = 61BF22792481ACB80093D867 /* Project object */;
}
