// !$*UTF8*$!
{
	archiveVersion = 1;
	classes = {
	};
	objectVersion = 53;
	objects = {

/* Begin PBXBuildFile section */
		452C979CDF2984B5E2EC6951 /* Pods_ExpenseSheet.framework in Frameworks */ = {isa = PBXBuildFile; fileRef = 73C3FB41412CD6E18987CC30 /* Pods_ExpenseSheet.framework */; };
		614E2BCD24ABDAEC00B7134B /* CurrencyPickerView.swift in Sources */ = {isa = PBXBuildFile; fileRef = 614E2BCC24ABDAEC00B7134B /* CurrencyPickerView.swift */; };
		6163295F248C4F65002B77A2 /* listOfCreditsView.swift in Sources */ = {isa = PBXBuildFile; fileRef = 6163295E248C4F65002B77A2 /* listOfCreditsView.swift */; };
		61632962248C501E002B77A2 /* listOfDebitsView.swift in Sources */ = {isa = PBXBuildFile; fileRef = 61632961248C501E002B77A2 /* listOfDebitsView.swift */; };
		61632964248C516C002B77A2 /* listOfMethodsView.swift in Sources */ = {isa = PBXBuildFile; fileRef = 61632963248C516C002B77A2 /* listOfMethodsView.swift */; };
		6163296D248C8679002B77A2 /* SplashScreenView.swift in Sources */ = {isa = PBXBuildFile; fileRef = 6163296C248C8679002B77A2 /* SplashScreenView.swift */; };
		6163296F248C8C5D002B77A2 /* DebitCardsData.swift in Sources */ = {isa = PBXBuildFile; fileRef = 6163296E248C8C5D002B77A2 /* DebitCardsData.swift */; };
		61632971248C8E17002B77A2 /* CategoriesData.swift in Sources */ = {isa = PBXBuildFile; fileRef = 61632970248C8E17002B77A2 /* CategoriesData.swift */; };
		6164DA1C24C6DDC9009D3C42 /* MonthlyExpenses.swift in Sources */ = {isa = PBXBuildFile; fileRef = 6164DA1B24C6DDC9009D3C42 /* MonthlyExpenses.swift */; };
		6174BF25248466AD009BA698 /* RecentDataListView.swift in Sources */ = {isa = PBXBuildFile; fileRef = 6174BF24248466AD009BA698 /* RecentDataListView.swift */; };
		6174BF5724871914009BA698 /* AnalyticsView.swift in Sources */ = {isa = PBXBuildFile; fileRef = 6174BF5624871914009BA698 /* AnalyticsView.swift */; };
		6179309124D032C00029B62E /* PieChartUIKit.swift in Sources */ = {isa = PBXBuildFile; fileRef = 6179309024D032C00029B62E /* PieChartUIKit.swift */; };
		61862911248AC7AA008F396A /* CreditCardsData.swift in Sources */ = {isa = PBXBuildFile; fileRef = 6186290F248AC7AA008F396A /* CreditCardsData.swift */; };
		61862915248AC960008F396A /* YearView.swift in Sources */ = {isa = PBXBuildFile; fileRef = 61862914248AC960008F396A /* YearView.swift */; };
		61862918248B21E2008F396A /* SettingsView.swift in Sources */ = {isa = PBXBuildFile; fileRef = 61862917248B21E2008F396A /* SettingsView.swift */; };
		6186291A248B223B008F396A /* listOfCategoriesView.swift in Sources */ = {isa = PBXBuildFile; fileRef = 61862919248B223B008F396A /* listOfCategoriesView.swift */; };
		6187EA47249586F80002B84E /* MonthView.swift in Sources */ = {isa = PBXBuildFile; fileRef = 6187EA46249586F80002B84E /* MonthView.swift */; };
		6187EA492495938E0002B84E /* DayView.swift in Sources */ = {isa = PBXBuildFile; fileRef = 6187EA482495938E0002B84E /* DayView.swift */; };
		618F8EE22496BBBD0096BBC1 /* MainWillChart.swift in Sources */ = {isa = PBXBuildFile; fileRef = 618F8EE12496BBBD0096BBC1 /* MainWillChart.swift */; };
		618F8EE62496BBF00096BBC1 /* MainTypeChart.swift in Sources */ = {isa = PBXBuildFile; fileRef = 618F8EE52496BBF00096BBC1 /* MainTypeChart.swift */; };
		618F8EED249723950096BBC1 /* MonthlyExpensesUIKit.swift in Sources */ = {isa = PBXBuildFile; fileRef = 618F8EEC249723950096BBC1 /* MonthlyExpensesUIKit.swift */; };
		6198D5BA24D584D200BE384B /* SupportCreator.swift in Sources */ = {isa = PBXBuildFile; fileRef = 6198D5B924D584D200BE384B /* SupportCreator.swift */; };
		61A24C9224A6D3AE00660696 /* GoogleAdView.swift in Sources */ = {isa = PBXBuildFile; fileRef = 61A24C9124A6D3AE00660696 /* GoogleAdView.swift */; };
		61BF22852481ACB80093D867 /* AppDelegate.swift in Sources */ = {isa = PBXBuildFile; fileRef = 61BF22842481ACB80093D867 /* AppDelegate.swift */; };
		61BF22872481ACB80093D867 /* SceneDelegate.swift in Sources */ = {isa = PBXBuildFile; fileRef = 61BF22862481ACB80093D867 /* SceneDelegate.swift */; };
		61BF228A2481ACB80093D867 /* Expense_Sheet.xcdatamodeld in Sources */ = {isa = PBXBuildFile; fileRef = 61BF22882481ACB80093D867 /* Expense_Sheet.xcdatamodeld */; };
		61BF228C2481ACB80093D867 /* ContentView.swift in Sources */ = {isa = PBXBuildFile; fileRef = 61BF228B2481ACB80093D867 /* ContentView.swift */; };
		61BF228E2481ACB90093D867 /* Assets.xcassets in Resources */ = {isa = PBXBuildFile; fileRef = 61BF228D2481ACB90093D867 /* Assets.xcassets */; };
		61BF22912481ACB90093D867 /* Preview Assets.xcassets in Resources */ = {isa = PBXBuildFile; fileRef = 61BF22902481ACB90093D867 /* Preview Assets.xcassets */; };
		61BF22942481ACB90093D867 /* LaunchScreen.storyboard in Resources */ = {isa = PBXBuildFile; fileRef = 61BF22922481ACB90093D867 /* LaunchScreen.storyboard */; };
		61BF229C2481BA850093D867 /* NewTransactionView.swift in Sources */ = {isa = PBXBuildFile; fileRef = 61BF229B2481BA840093D867 /* NewTransactionView.swift */; };
		61BF22A22481C90C0093D867 /* Home.swift in Sources */ = {isa = PBXBuildFile; fileRef = 61BF22A12481C90C0093D867 /* Home.swift */; };
		61C56CC6248215B90044D12F /* CloudKit.framework in Frameworks */ = {isa = PBXBuildFile; fileRef = 61C56CC5248215B90044D12F /* CloudKit.framework */; };
		61C56CCB2482D62C0044D12F /* TransactionData.swift in Sources */ = {isa = PBXBuildFile; fileRef = 61C56CC92482D62C0044D12F /* TransactionData.swift */; };
		61D8847E24EB8BCA004D3AAA /* StoreKit.framework in Frameworks */ = {isa = PBXBuildFile; fileRef = 61D8847D24EB8BCA004D3AAA /* StoreKit.framework */; };
		61D8848024EBBB04004D3AAA /* InAppPurchases.swift in Sources */ = {isa = PBXBuildFile; fileRef = 61D8847F24EBBB04004D3AAA /* InAppPurchases.swift */; };
		61D8848324EC0177004D3AAA /* RemoveAdsView.swift in Sources */ = {isa = PBXBuildFile; fileRef = 61D8848224EC0177004D3AAA /* RemoveAdsView.swift */; };
		61DB036424CF70C1009DC0AB /* AnalyticsPieChart.swift in Sources */ = {isa = PBXBuildFile; fileRef = 61DB036324CF70C1009DC0AB /* AnalyticsPieChart.swift */; };
		61E5042924D2050E0082DA46 /* QGrid in Frameworks */ = {isa = PBXBuildFile; productRef = 61E5042824D2050E0082DA46 /* QGrid */; };
		61E5042C24D2AB3E0082DA46 /* CategoriesView.swift in Sources */ = {isa = PBXBuildFile; fileRef = 61E5042B24D2AB3E0082DA46 /* CategoriesView.swift */; };
		61E5042E24D2AB4D0082DA46 /* MethodsView.swift in Sources */ = {isa = PBXBuildFile; fileRef = 61E5042D24D2AB4D0082DA46 /* MethodsView.swift */; };
		61E5043024D2AB820082DA46 /* HorizontalBarChartUIKit.swift in Sources */ = {isa = PBXBuildFile; fileRef = 61E5042F24D2AB820082DA46 /* HorizontalBarChartUIKit.swift */; };
		61F7471224C07E09003210C2 /* TextFieldManager.swift in Sources */ = {isa = PBXBuildFile; fileRef = 61F7471124C07E09003210C2 /* TextFieldManager.swift */; };
/* End PBXBuildFile section */

/* Begin PBXCopyFilesBuildPhase section */
		6162453224BF95D900924232 /* Embed App Extensions */ = {
			isa = PBXCopyFilesBuildPhase;
			buildActionMask = 2147483647;
			dstPath = "";
			dstSubfolderSpec = 13;
			files = (
			);
			name = "Embed App Extensions";
			runOnlyForDeploymentPostprocessing = 0;
		};
		6162456524BF9F1100924232 /* Embed Watch Content */ = {
			isa = PBXCopyFilesBuildPhase;
			buildActionMask = 2147483647;
			dstPath = "$(CONTENTS_FOLDER_PATH)/Watch";
			dstSubfolderSpec = 16;
			files = (
			);
			name = "Embed Watch Content";
			runOnlyForDeploymentPostprocessing = 0;
		};
/* End PBXCopyFilesBuildPhase section */

/* Begin PBXFileReference section */
		1BF1996556DD5EAFBAD9E0E0 /* Pods-Expense Sheet.release.xcconfig */ = {isa = PBXFileReference; includeInIndex = 1; lastKnownFileType = text.xcconfig; name = "Pods-Expense Sheet.release.xcconfig"; path = "Target Support Files/Pods-Expense Sheet/Pods-Expense Sheet.release.xcconfig"; sourceTree = "<group>"; };
		59526B5A41B841F8A683142A /* Pods-ExpenseSheet.debug.xcconfig */ = {isa = PBXFileReference; includeInIndex = 1; lastKnownFileType = text.xcconfig; name = "Pods-ExpenseSheet.debug.xcconfig"; path = "Target Support Files/Pods-ExpenseSheet/Pods-ExpenseSheet.debug.xcconfig"; sourceTree = "<group>"; };
		614E2BCC24ABDAEC00B7134B /* CurrencyPickerView.swift */ = {isa = PBXFileReference; lastKnownFileType = sourcecode.swift; path = CurrencyPickerView.swift; sourceTree = "<group>"; };
		6162451D24BF95D900924232 /* IntentsUI.framework */ = {isa = PBXFileReference; lastKnownFileType = wrapper.framework; name = IntentsUI.framework; path = System/Library/Frameworks/IntentsUI.framework; sourceTree = SDKROOT; };
		6163295E248C4F65002B77A2 /* listOfCreditsView.swift */ = {isa = PBXFileReference; lastKnownFileType = sourcecode.swift; path = listOfCreditsView.swift; sourceTree = "<group>"; };
		61632961248C501E002B77A2 /* listOfDebitsView.swift */ = {isa = PBXFileReference; lastKnownFileType = sourcecode.swift; path = listOfDebitsView.swift; sourceTree = "<group>"; };
		61632963248C516C002B77A2 /* listOfMethodsView.swift */ = {isa = PBXFileReference; lastKnownFileType = sourcecode.swift; path = listOfMethodsView.swift; sourceTree = "<group>"; };
		6163296C248C8679002B77A2 /* SplashScreenView.swift */ = {isa = PBXFileReference; lastKnownFileType = sourcecode.swift; path = SplashScreenView.swift; sourceTree = "<group>"; };
		6163296E248C8C5D002B77A2 /* DebitCardsData.swift */ = {isa = PBXFileReference; lastKnownFileType = sourcecode.swift; path = DebitCardsData.swift; sourceTree = "<group>"; };
		61632970248C8E17002B77A2 /* CategoriesData.swift */ = {isa = PBXFileReference; lastKnownFileType = sourcecode.swift; path = CategoriesData.swift; sourceTree = "<group>"; };
		6164DA1B24C6DDC9009D3C42 /* MonthlyExpenses.swift */ = {isa = PBXFileReference; lastKnownFileType = sourcecode.swift; path = MonthlyExpenses.swift; sourceTree = "<group>"; };
		6174BF24248466AD009BA698 /* RecentDataListView.swift */ = {isa = PBXFileReference; lastKnownFileType = sourcecode.swift; path = RecentDataListView.swift; sourceTree = "<group>"; };
		6174BF5624871914009BA698 /* AnalyticsView.swift */ = {isa = PBXFileReference; lastKnownFileType = sourcecode.swift; path = AnalyticsView.swift; sourceTree = "<group>"; };
		6179309024D032C00029B62E /* PieChartUIKit.swift */ = {isa = PBXFileReference; fileEncoding = 4; lastKnownFileType = sourcecode.swift; path = PieChartUIKit.swift; sourceTree = "<group>"; };
		6186290F248AC7AA008F396A /* CreditCardsData.swift */ = {isa = PBXFileReference; lastKnownFileType = sourcecode.swift; path = CreditCardsData.swift; sourceTree = "<group>"; };
		61862914248AC960008F396A /* YearView.swift */ = {isa = PBXFileReference; lastKnownFileType = sourcecode.swift; path = YearView.swift; sourceTree = "<group>"; };
		61862917248B21E2008F396A /* SettingsView.swift */ = {isa = PBXFileReference; lastKnownFileType = sourcecode.swift; path = SettingsView.swift; sourceTree = "<group>"; };
		61862919248B223B008F396A /* listOfCategoriesView.swift */ = {isa = PBXFileReference; lastKnownFileType = sourcecode.swift; path = listOfCategoriesView.swift; sourceTree = "<group>"; };
		6187EA46249586F80002B84E /* MonthView.swift */ = {isa = PBXFileReference; lastKnownFileType = sourcecode.swift; path = MonthView.swift; sourceTree = "<group>"; };
		6187EA482495938E0002B84E /* DayView.swift */ = {isa = PBXFileReference; lastKnownFileType = sourcecode.swift; path = DayView.swift; sourceTree = "<group>"; };
		618F8EE12496BBBD0096BBC1 /* MainWillChart.swift */ = {isa = PBXFileReference; lastKnownFileType = sourcecode.swift; path = MainWillChart.swift; sourceTree = "<group>"; };
		618F8EE52496BBF00096BBC1 /* MainTypeChart.swift */ = {isa = PBXFileReference; lastKnownFileType = sourcecode.swift; path = MainTypeChart.swift; sourceTree = "<group>"; };
		618F8EEC249723950096BBC1 /* MonthlyExpensesUIKit.swift */ = {isa = PBXFileReference; lastKnownFileType = sourcecode.swift; path = MonthlyExpensesUIKit.swift; sourceTree = "<group>"; };
		6198D5B924D584D200BE384B /* SupportCreator.swift */ = {isa = PBXFileReference; lastKnownFileType = sourcecode.swift; path = SupportCreator.swift; sourceTree = "<group>"; };
		61A24C9124A6D3AE00660696 /* GoogleAdView.swift */ = {isa = PBXFileReference; lastKnownFileType = sourcecode.swift; path = GoogleAdView.swift; sourceTree = "<group>"; };
		61BF22812481ACB80093D867 /* ExpenseSheet.app */ = {isa = PBXFileReference; explicitFileType = wrapper.application; includeInIndex = 0; path = ExpenseSheet.app; sourceTree = BUILT_PRODUCTS_DIR; };
		61BF22842481ACB80093D867 /* AppDelegate.swift */ = {isa = PBXFileReference; lastKnownFileType = sourcecode.swift; path = AppDelegate.swift; sourceTree = "<group>"; };
		61BF22862481ACB80093D867 /* SceneDelegate.swift */ = {isa = PBXFileReference; lastKnownFileType = sourcecode.swift; path = SceneDelegate.swift; sourceTree = "<group>"; };
		61BF22892481ACB80093D867 /* Expense_Sheet.xcdatamodel */ = {isa = PBXFileReference; lastKnownFileType = wrapper.xcdatamodel; path = Expense_Sheet.xcdatamodel; sourceTree = "<group>"; };
		61BF228B2481ACB80093D867 /* ContentView.swift */ = {isa = PBXFileReference; lastKnownFileType = sourcecode.swift; path = ContentView.swift; sourceTree = "<group>"; };
		61BF228D2481ACB90093D867 /* Assets.xcassets */ = {isa = PBXFileReference; lastKnownFileType = folder.assetcatalog; path = Assets.xcassets; sourceTree = "<group>"; };
		61BF22902481ACB90093D867 /* Preview Assets.xcassets */ = {isa = PBXFileReference; lastKnownFileType = folder.assetcatalog; path = "Preview Assets.xcassets"; sourceTree = "<group>"; };
		61BF22932481ACB90093D867 /* Base */ = {isa = PBXFileReference; lastKnownFileType = file.storyboard; name = Base; path = Base.lproj/LaunchScreen.storyboard; sourceTree = "<group>"; };
		61BF22952481ACB90093D867 /* Info.plist */ = {isa = PBXFileReference; lastKnownFileType = text.plist.xml; path = Info.plist; sourceTree = "<group>"; };
		61BF229B2481BA840093D867 /* NewTransactionView.swift */ = {isa = PBXFileReference; lastKnownFileType = sourcecode.swift; path = NewTransactionView.swift; sourceTree = "<group>"; };
		61BF22A12481C90C0093D867 /* Home.swift */ = {isa = PBXFileReference; lastKnownFileType = sourcecode.swift; path = Home.swift; sourceTree = "<group>"; };
		61C56CC3248215B60044D12F /* Expense Sheet.entitlements */ = {isa = PBXFileReference; lastKnownFileType = text.plist.entitlements; path = "Expense Sheet.entitlements"; sourceTree = "<group>"; };
		61C56CC5248215B90044D12F /* CloudKit.framework */ = {isa = PBXFileReference; lastKnownFileType = wrapper.framework; name = CloudKit.framework; path = System/Library/Frameworks/CloudKit.framework; sourceTree = SDKROOT; };
		61C56CC92482D62C0044D12F /* TransactionData.swift */ = {isa = PBXFileReference; lastKnownFileType = sourcecode.swift; path = TransactionData.swift; sourceTree = "<group>"; };
		61D8847D24EB8BCA004D3AAA /* StoreKit.framework */ = {isa = PBXFileReference; lastKnownFileType = wrapper.framework; name = StoreKit.framework; path = System/Library/Frameworks/StoreKit.framework; sourceTree = SDKROOT; };
		61D8847F24EBBB04004D3AAA /* InAppPurchases.swift */ = {isa = PBXFileReference; lastKnownFileType = sourcecode.swift; path = InAppPurchases.swift; sourceTree = "<group>"; };
		61D8848224EC0177004D3AAA /* RemoveAdsView.swift */ = {isa = PBXFileReference; lastKnownFileType = sourcecode.swift; path = RemoveAdsView.swift; sourceTree = "<group>"; };
		61DB036324CF70C1009DC0AB /* AnalyticsPieChart.swift */ = {isa = PBXFileReference; lastKnownFileType = sourcecode.swift; path = AnalyticsPieChart.swift; sourceTree = "<group>"; };
		61E5042B24D2AB3E0082DA46 /* CategoriesView.swift */ = {isa = PBXFileReference; lastKnownFileType = sourcecode.swift; path = CategoriesView.swift; sourceTree = "<group>"; };
		61E5042D24D2AB4D0082DA46 /* MethodsView.swift */ = {isa = PBXFileReference; lastKnownFileType = sourcecode.swift; path = MethodsView.swift; sourceTree = "<group>"; };
		61E5042F24D2AB820082DA46 /* HorizontalBarChartUIKit.swift */ = {isa = PBXFileReference; lastKnownFileType = sourcecode.swift; path = HorizontalBarChartUIKit.swift; sourceTree = "<group>"; };
		61F7471124C07E09003210C2 /* TextFieldManager.swift */ = {isa = PBXFileReference; lastKnownFileType = sourcecode.swift; path = TextFieldManager.swift; sourceTree = "<group>"; };
		73C3FB41412CD6E18987CC30 /* Pods_ExpenseSheet.framework */ = {isa = PBXFileReference; explicitFileType = wrapper.framework; includeInIndex = 0; path = Pods_ExpenseSheet.framework; sourceTree = BUILT_PRODUCTS_DIR; };
		AB6FBFD7AE2638119C09D137 /* Pods-ExpenseSheet.release.xcconfig */ = {isa = PBXFileReference; includeInIndex = 1; lastKnownFileType = text.xcconfig; name = "Pods-ExpenseSheet.release.xcconfig"; path = "Target Support Files/Pods-ExpenseSheet/Pods-ExpenseSheet.release.xcconfig"; sourceTree = "<group>"; };
		BC151A0AFB176F02D83516D6 /* Pods-Expense Sheet.debug.xcconfig */ = {isa = PBXFileReference; includeInIndex = 1; lastKnownFileType = text.xcconfig; name = "Pods-Expense Sheet.debug.xcconfig"; path = "Target Support Files/Pods-Expense Sheet/Pods-Expense Sheet.debug.xcconfig"; sourceTree = "<group>"; };
/* End PBXFileReference section */

/* Begin PBXFrameworksBuildPhase section */
		61BF227E2481ACB80093D867 /* Frameworks */ = {
			isa = PBXFrameworksBuildPhase;
			buildActionMask = 2147483647;
			files = (
				61E5042924D2050E0082DA46 /* QGrid in Frameworks */,
				61C56CC6248215B90044D12F /* CloudKit.framework in Frameworks */,
				452C979CDF2984B5E2EC6951 /* Pods_ExpenseSheet.framework in Frameworks */,
				61D8847E24EB8BCA004D3AAA /* StoreKit.framework in Frameworks */,
			);
			runOnlyForDeploymentPostprocessing = 0;
		};
/* End PBXFrameworksBuildPhase section */

/* Begin PBXGroup section */
		3B5179193832A65C540774A2 /* Pods */ = {
			isa = PBXGroup;
			children = (
				BC151A0AFB176F02D83516D6 /* Pods-Expense Sheet.debug.xcconfig */,
				1BF1996556DD5EAFBAD9E0E0 /* Pods-Expense Sheet.release.xcconfig */,
				59526B5A41B841F8A683142A /* Pods-ExpenseSheet.debug.xcconfig */,
				AB6FBFD7AE2638119C09D137 /* Pods-ExpenseSheet.release.xcconfig */,
			);
			path = Pods;
			sourceTree = "<group>";
		};
		61632960248C4FDC002B77A2 /* listOfMethodsView */ = {
			isa = PBXGroup;
			children = (
				61632963248C516C002B77A2 /* listOfMethodsView.swift */,
				6163295E248C4F65002B77A2 /* listOfCreditsView.swift */,
				61632961248C501E002B77A2 /* listOfDebitsView.swift */,
			);
			path = listOfMethodsView;
			sourceTree = "<group>";
		};
		6163296B248C863F002B77A2 /* SplashScreenView */ = {
			isa = PBXGroup;
			children = (
				6163296C248C8679002B77A2 /* SplashScreenView.swift */,
			);
			path = SplashScreenView;
			sourceTree = "<group>";
		};
		6164DA1A24C6DDA0009D3C42 /* Monthly Expenses Chart */ = {
			isa = PBXGroup;
			children = (
				6164DA1B24C6DDC9009D3C42 /* MonthlyExpenses.swift */,
				618F8EEC249723950096BBC1 /* MonthlyExpensesUIKit.swift */,
			);
			path = "Monthly Expenses Chart";
			sourceTree = "<group>";
		};
		6174BF232484667D009BA698 /* Home View */ = {
			isa = PBXGroup;
			children = (
				61BF22A12481C90C0093D867 /* Home.swift */,
				61BF229B2481BA840093D867 /* NewTransactionView.swift */,
				6174BF24248466AD009BA698 /* RecentDataListView.swift */,
				6164DA1A24C6DDA0009D3C42 /* Monthly Expenses Chart */,
			);
			path = "Home View";
			sourceTree = "<group>";
		};
		6174BF26248467DD009BA698 /* Analytics View */ = {
			isa = PBXGroup;
			children = (
				6174BF5624871914009BA698 /* AnalyticsView.swift */,
				6179309424D032E50029B62E /* PieChart Group */,
				61E5042A24D2AB050082DA46 /* CategoriesChart */,
			);
			path = "Analytics View";
			sourceTree = "<group>";
		};
		6179309424D032E50029B62E /* PieChart Group */ = {
			isa = PBXGroup;
			children = (
				618F8EE12496BBBD0096BBC1 /* MainWillChart.swift */,
				618F8EE52496BBF00096BBC1 /* MainTypeChart.swift */,
				61DB036324CF70C1009DC0AB /* AnalyticsPieChart.swift */,
				6179309024D032C00029B62E /* PieChartUIKit.swift */,
			);
			path = "PieChart Group";
			sourceTree = "<group>";
		};
		61862913248AC94D008F396A /* Reports View */ = {
			isa = PBXGroup;
			children = (
				61862914248AC960008F396A /* YearView.swift */,
				6187EA46249586F80002B84E /* MonthView.swift */,
				6187EA482495938E0002B84E /* DayView.swift */,
			);
			path = "Reports View";
			sourceTree = "<group>";
		};
		61862916248B21D0008F396A /* Settings View */ = {
			isa = PBXGroup;
			children = (
				61862917248B21E2008F396A /* SettingsView.swift */,
				61862919248B223B008F396A /* listOfCategoriesView.swift */,
				614E2BCC24ABDAEC00B7134B /* CurrencyPickerView.swift */,
				6198D5B924D584D200BE384B /* SupportCreator.swift */,
				61632960248C4FDC002B77A2 /* listOfMethodsView */,
			);
			path = "Settings View";
			sourceTree = "<group>";
		};
		61A24C9324A6D9C000660696 /* AdMobs */ = {
			isa = PBXGroup;
			children = (
				61A24C9124A6D3AE00660696 /* GoogleAdView.swift */,
			);
			path = AdMobs;
			sourceTree = "<group>";
		};
		61BF22782481ACB80093D867 = {
			isa = PBXGroup;
			children = (
				61D8848124EC0155004D3AAA /* InAppPurchases */,
				61A24C9324A6D9C000660696 /* AdMobs */,
				6163296B248C863F002B77A2 /* SplashScreenView */,
				6174BF232484667D009BA698 /* Home View */,
				6174BF26248467DD009BA698 /* Analytics View */,
				61862913248AC94D008F396A /* Reports View */,
				61862916248B21D0008F396A /* Settings View */,
				61BF22832481ACB80093D867 /* Expense Sheet */,
				61C56CBE2481E2A70044D12F /* CoreData */,
				61BF22822481ACB80093D867 /* Products */,
				61C56CC4248215B90044D12F /* Frameworks */,
				3B5179193832A65C540774A2 /* Pods */,
			);
			sourceTree = "<group>";
		};
		61BF22822481ACB80093D867 /* Products */ = {
			isa = PBXGroup;
			children = (
				61BF22812481ACB80093D867 /* ExpenseSheet.app */,
			);
			name = Products;
			sourceTree = "<group>";
		};
		61BF22832481ACB80093D867 /* Expense Sheet */ = {
			isa = PBXGroup;
			children = (
				61C56CC3248215B60044D12F /* Expense Sheet.entitlements */,
				61BF22842481ACB80093D867 /* AppDelegate.swift */,
				61BF22862481ACB80093D867 /* SceneDelegate.swift */,
				61F7471124C07E09003210C2 /* TextFieldManager.swift */,
				61BF228B2481ACB80093D867 /* ContentView.swift */,
				61BF228D2481ACB90093D867 /* Assets.xcassets */,
				61BF22922481ACB90093D867 /* LaunchScreen.storyboard */,
				61BF22952481ACB90093D867 /* Info.plist */,
				61BF228F2481ACB90093D867 /* Preview Content */,
			);
			path = "Expense Sheet";
			sourceTree = "<group>";
		};
		61BF228F2481ACB90093D867 /* Preview Content */ = {
			isa = PBXGroup;
			children = (
				61BF22902481ACB90093D867 /* Preview Assets.xcassets */,
			);
			path = "Preview Content";
			sourceTree = "<group>";
		};
		61C56CBE2481E2A70044D12F /* CoreData */ = {
			isa = PBXGroup;
			children = (
				61C56CC92482D62C0044D12F /* TransactionData.swift */,
				61632970248C8E17002B77A2 /* CategoriesData.swift */,
				6186290F248AC7AA008F396A /* CreditCardsData.swift */,
				6163296E248C8C5D002B77A2 /* DebitCardsData.swift */,
				61BF22882481ACB80093D867 /* Expense_Sheet.xcdatamodeld */,
			);
			path = CoreData;
			sourceTree = "<group>";
		};
		61C56CC4248215B90044D12F /* Frameworks */ = {
			isa = PBXGroup;
			children = (
				61D8847D24EB8BCA004D3AAA /* StoreKit.framework */,
				61C56CC5248215B90044D12F /* CloudKit.framework */,
				73C3FB41412CD6E18987CC30 /* Pods_ExpenseSheet.framework */,
				6162451D24BF95D900924232 /* IntentsUI.framework */,
			);
			name = Frameworks;
			sourceTree = "<group>";
		};
		61D8848124EC0155004D3AAA /* InAppPurchases */ = {
			isa = PBXGroup;
			children = (
				61D8848224EC0177004D3AAA /* RemoveAdsView.swift */,
				61D8847F24EBBB04004D3AAA /* InAppPurchases.swift */,
			);
			path = InAppPurchases;
			sourceTree = "<group>";
		};
		61E5042A24D2AB050082DA46 /* CategoriesChart */ = {
			isa = PBXGroup;
			children = (
				61E5042B24D2AB3E0082DA46 /* CategoriesView.swift */,
				61E5042D24D2AB4D0082DA46 /* MethodsView.swift */,
				61E5042F24D2AB820082DA46 /* HorizontalBarChartUIKit.swift */,
			);
			path = CategoriesChart;
			sourceTree = "<group>";
		};
/* End PBXGroup section */

/* Begin PBXNativeTarget section */
		61BF22802481ACB80093D867 /* ExpenseSheet */ = {
			isa = PBXNativeTarget;
			buildConfigurationList = 61BF22982481ACB90093D867 /* Build configuration list for PBXNativeTarget "ExpenseSheet" */;
			buildPhases = (
				73D26E1023D9A7BBA5EFFCE8 /* [CP] Check Pods Manifest.lock */,
				61BF227D2481ACB80093D867 /* Sources */,
				61BF227E2481ACB80093D867 /* Frameworks */,
				61BF227F2481ACB80093D867 /* Resources */,
				4D3DC8B43F7B143537B624BA /* [CP] Embed Pods Frameworks */,
				6162453224BF95D900924232 /* Embed App Extensions */,
				6162456524BF9F1100924232 /* Embed Watch Content */,
			);
			buildRules = (
			);
			dependencies = (
			);
			name = ExpenseSheet;
			packageProductDependencies = (
				61E5042824D2050E0082DA46 /* QGrid */,
			);
			productName = "Expense Sheet";
			productReference = 61BF22812481ACB80093D867 /* ExpenseSheet.app */;
			productType = "com.apple.product-type.application";
		};
/* End PBXNativeTarget section */

/* Begin PBXProject section */
		61BF22792481ACB80093D867 /* Project object */ = {
			isa = PBXProject;
			attributes = {
				KnownAssetTags = (
					New,
				);
				LastSwiftUpdateCheck = 1150;
				LastUpgradeCheck = 1150;
				ORGANIZATIONNAME = "Bishal Aryal";
				TargetAttributes = {
					61BF22802481ACB80093D867 = {
						CreatedOnToolsVersion = 11.5;
					};
				};
			};
			buildConfigurationList = 61BF227C2481ACB80093D867 /* Build configuration list for PBXProject "ExpenseSheet" */;
			compatibilityVersion = "Xcode 11.4";
			developmentRegion = en;
			hasScannedForEncodings = 0;
			knownRegions = (
				en,
				Base,
			);
			mainGroup = 61BF22782481ACB80093D867;
			packageReferences = (
				61E5042724D2050E0082DA46 /* XCRemoteSwiftPackageReference "QGrid" */,
			);
			productRefGroup = 61BF22822481ACB80093D867 /* Products */;
			projectDirPath = "";
			projectRoot = "";
			targets = (
				61BF22802481ACB80093D867 /* ExpenseSheet */,
			);
		};
/* End PBXProject section */

/* Begin PBXResourcesBuildPhase section */
		61BF227F2481ACB80093D867 /* Resources */ = {
			isa = PBXResourcesBuildPhase;
			buildActionMask = 2147483647;
			files = (
				61BF22942481ACB90093D867 /* LaunchScreen.storyboard in Resources */,
				61BF22912481ACB90093D867 /* Preview Assets.xcassets in Resources */,
				61BF228E2481ACB90093D867 /* Assets.xcassets in Resources */,
			);
			runOnlyForDeploymentPostprocessing = 0;
		};
/* End PBXResourcesBuildPhase section */

/* Begin PBXShellScriptBuildPhase section */
		4D3DC8B43F7B143537B624BA /* [CP] Embed Pods Frameworks */ = {
			isa = PBXShellScriptBuildPhase;
			buildActionMask = 2147483647;
			files = (
			);
			inputFileListPaths = (
				"${PODS_ROOT}/Target Support Files/Pods-ExpenseSheet/Pods-ExpenseSheet-frameworks-${CONFIGURATION}-input-files.xcfilelist",
			);
			name = "[CP] Embed Pods Frameworks";
			outputFileListPaths = (
				"${PODS_ROOT}/Target Support Files/Pods-ExpenseSheet/Pods-ExpenseSheet-frameworks-${CONFIGURATION}-output-files.xcfilelist",
			);
			runOnlyForDeploymentPostprocessing = 0;
			shellPath = /bin/sh;
			shellScript = "\"${PODS_ROOT}/Target Support Files/Pods-ExpenseSheet/Pods-ExpenseSheet-frameworks.sh\"\n";
			showEnvVarsInLog = 0;
		};
		73D26E1023D9A7BBA5EFFCE8 /* [CP] Check Pods Manifest.lock */ = {
			isa = PBXShellScriptBuildPhase;
			buildActionMask = 2147483647;
			files = (
			);
			inputFileListPaths = (
			);
			inputPaths = (
				"${PODS_PODFILE_DIR_PATH}/Podfile.lock",
				"${PODS_ROOT}/Manifest.lock",
			);
			name = "[CP] Check Pods Manifest.lock";
			outputFileListPaths = (
			);
			outputPaths = (
				"$(DERIVED_FILE_DIR)/Pods-ExpenseSheet-checkManifestLockResult.txt",
			);
			runOnlyForDeploymentPostprocessing = 0;
			shellPath = /bin/sh;
			shellScript = "diff \"${PODS_PODFILE_DIR_PATH}/Podfile.lock\" \"${PODS_ROOT}/Manifest.lock\" > /dev/null\nif [ $? != 0 ] ; then\n    # print error to STDERR\n    echo \"error: The sandbox is not in sync with the Podfile.lock. Run 'pod install' or update your CocoaPods installation.\" >&2\n    exit 1\nfi\n# This output is used by Xcode 'outputs' to avoid re-running this script phase.\necho \"SUCCESS\" > \"${SCRIPT_OUTPUT_FILE_0}\"\n";
			showEnvVarsInLog = 0;
		};
/* End PBXShellScriptBuildPhase section */

/* Begin PBXSourcesBuildPhase section */
		61BF227D2481ACB80093D867 /* Sources */ = {
			isa = PBXSourcesBuildPhase;
			buildActionMask = 2147483647;
			files = (
				6163296F248C8C5D002B77A2 /* DebitCardsData.swift in Sources */,
				61E5042E24D2AB4D0082DA46 /* MethodsView.swift in Sources */,
				61BF228A2481ACB80093D867 /* Expense_Sheet.xcdatamodeld in Sources */,
				61BF22852481ACB80093D867 /* AppDelegate.swift in Sources */,
				6163295F248C4F65002B77A2 /* listOfCreditsView.swift in Sources */,
				61A24C9224A6D3AE00660696 /* GoogleAdView.swift in Sources */,
				61BF229C2481BA850093D867 /* NewTransactionView.swift in Sources */,
				61E5042C24D2AB3E0082DA46 /* CategoriesView.swift in Sources */,
				61862918248B21E2008F396A /* SettingsView.swift in Sources */,
				61632971248C8E17002B77A2 /* CategoriesData.swift in Sources */,
				618F8EE22496BBBD0096BBC1 /* MainWillChart.swift in Sources */,
				61D8848324EC0177004D3AAA /* RemoveAdsView.swift in Sources */,
				618F8EED249723950096BBC1 /* MonthlyExpensesUIKit.swift in Sources */,
				61632964248C516C002B77A2 /* listOfMethodsView.swift in Sources */,
				6163296D248C8679002B77A2 /* SplashScreenView.swift in Sources */,
				6187EA492495938E0002B84E /* DayView.swift in Sources */,
				61D8848024EBBB04004D3AAA /* InAppPurchases.swift in Sources */,
				618F8EE62496BBF00096BBC1 /* MainTypeChart.swift in Sources */,
				61BF228C2481ACB80093D867 /* ContentView.swift in Sources */,
				6174BF5724871914009BA698 /* AnalyticsView.swift in Sources */,
				6198D5BA24D584D200BE384B /* SupportCreator.swift in Sources */,
				61632962248C501E002B77A2 /* listOfDebitsView.swift in Sources */,
				61BF22872481ACB80093D867 /* SceneDelegate.swift in Sources */,
				6164DA1C24C6DDC9009D3C42 /* MonthlyExpenses.swift in Sources */,
				61F7471224C07E09003210C2 /* TextFieldManager.swift in Sources */,
				61C56CCB2482D62C0044D12F /* TransactionData.swift in Sources */,
				61862911248AC7AA008F396A /* CreditCardsData.swift in Sources */,
				6174BF25248466AD009BA698 /* RecentDataListView.swift in Sources */,
				61E5043024D2AB820082DA46 /* HorizontalBarChartUIKit.swift in Sources */,
				6186291A248B223B008F396A /* listOfCategoriesView.swift in Sources */,
				6179309124D032C00029B62E /* PieChartUIKit.swift in Sources */,
				614E2BCD24ABDAEC00B7134B /* CurrencyPickerView.swift in Sources */,
				61DB036424CF70C1009DC0AB /* AnalyticsPieChart.swift in Sources */,
				6187EA47249586F80002B84E /* MonthView.swift in Sources */,
				61BF22A22481C90C0093D867 /* Home.swift in Sources */,
				61862915248AC960008F396A /* YearView.swift in Sources */,
			);
			runOnlyForDeploymentPostprocessing = 0;
		};
/* End PBXSourcesBuildPhase section */

/* Begin PBXVariantGroup section */
		61BF22922481ACB90093D867 /* LaunchScreen.storyboard */ = {
			isa = PBXVariantGroup;
			children = (
				61BF22932481ACB90093D867 /* Base */,
			);
			name = LaunchScreen.storyboard;
			sourceTree = "<group>";
		};
/* End PBXVariantGroup section */

/* Begin XCBuildConfiguration section */
		61BF22962481ACB90093D867 /* Debug */ = {
			isa = XCBuildConfiguration;
			buildSettings = {
				ALWAYS_SEARCH_USER_PATHS = NO;
				CLANG_ANALYZER_NONNULL = YES;
				CLANG_ANALYZER_NUMBER_OBJECT_CONVERSION = YES_AGGRESSIVE;
				CLANG_CXX_LANGUAGE_STANDARD = "gnu++14";
				CLANG_CXX_LIBRARY = "libc++";
				CLANG_ENABLE_MODULES = YES;
				CLANG_ENABLE_OBJC_ARC = YES;
				CLANG_ENABLE_OBJC_WEAK = YES;
				CLANG_WARN_BLOCK_CAPTURE_AUTORELEASING = YES;
				CLANG_WARN_BOOL_CONVERSION = YES;
				CLANG_WARN_COMMA = YES;
				CLANG_WARN_CONSTANT_CONVERSION = YES;
				CLANG_WARN_DEPRECATED_OBJC_IMPLEMENTATIONS = YES;
				CLANG_WARN_DIRECT_OBJC_ISA_USAGE = YES_ERROR;
				CLANG_WARN_DOCUMENTATION_COMMENTS = YES;
				CLANG_WARN_EMPTY_BODY = YES;
				CLANG_WARN_ENUM_CONVERSION = YES;
				CLANG_WARN_INFINITE_RECURSION = YES;
				CLANG_WARN_INT_CONVERSION = YES;
				CLANG_WARN_NON_LITERAL_NULL_CONVERSION = YES;
				CLANG_WARN_OBJC_IMPLICIT_RETAIN_SELF = YES;
				CLANG_WARN_OBJC_LITERAL_CONVERSION = YES;
				CLANG_WARN_OBJC_ROOT_CLASS = YES_ERROR;
				CLANG_WARN_RANGE_LOOP_ANALYSIS = YES;
				CLANG_WARN_STRICT_PROTOTYPES = YES;
				CLANG_WARN_SUSPICIOUS_MOVE = YES;
				CLANG_WARN_UNGUARDED_AVAILABILITY = YES_AGGRESSIVE;
				CLANG_WARN_UNREACHABLE_CODE = YES;
				CLANG_WARN__DUPLICATE_METHOD_MATCH = YES;
				COPY_PHASE_STRIP = NO;
				DEBUG_INFORMATION_FORMAT = dwarf;
				ENABLE_STRICT_OBJC_MSGSEND = YES;
				ENABLE_TESTABILITY = YES;
				GCC_C_LANGUAGE_STANDARD = gnu11;
				GCC_DYNAMIC_NO_PIC = NO;
				GCC_NO_COMMON_BLOCKS = YES;
				GCC_OPTIMIZATION_LEVEL = 0;
				GCC_PREPROCESSOR_DEFINITIONS = (
					"DEBUG=1",
					"$(inherited)",
				);
				GCC_WARN_64_TO_32_BIT_CONVERSION = YES;
				GCC_WARN_ABOUT_RETURN_TYPE = YES_ERROR;
				GCC_WARN_UNDECLARED_SELECTOR = YES;
				GCC_WARN_UNINITIALIZED_AUTOS = YES_AGGRESSIVE;
				GCC_WARN_UNUSED_FUNCTION = YES;
				GCC_WARN_UNUSED_VARIABLE = YES;
				IPHONEOS_DEPLOYMENT_TARGET = 13.5;
				MTL_ENABLE_DEBUG_INFO = INCLUDE_SOURCE;
				MTL_FAST_MATH = YES;
				ONLY_ACTIVE_ARCH = YES;
				SDKROOT = iphoneos;
				SWIFT_ACTIVE_COMPILATION_CONDITIONS = DEBUG;
				SWIFT_OPTIMIZATION_LEVEL = "-Onone";
			};
			name = Debug;
		};
		61BF22972481ACB90093D867 /* Release */ = {
			isa = XCBuildConfiguration;
			buildSettings = {
				ALWAYS_SEARCH_USER_PATHS = NO;
				CLANG_ANALYZER_NONNULL = YES;
				CLANG_ANALYZER_NUMBER_OBJECT_CONVERSION = YES_AGGRESSIVE;
				CLANG_CXX_LANGUAGE_STANDARD = "gnu++14";
				CLANG_CXX_LIBRARY = "libc++";
				CLANG_ENABLE_MODULES = YES;
				CLANG_ENABLE_OBJC_ARC = YES;
				CLANG_ENABLE_OBJC_WEAK = YES;
				CLANG_WARN_BLOCK_CAPTURE_AUTORELEASING = YES;
				CLANG_WARN_BOOL_CONVERSION = YES;
				CLANG_WARN_COMMA = YES;
				CLANG_WARN_CONSTANT_CONVERSION = YES;
				CLANG_WARN_DEPRECATED_OBJC_IMPLEMENTATIONS = YES;
				CLANG_WARN_DIRECT_OBJC_ISA_USAGE = YES_ERROR;
				CLANG_WARN_DOCUMENTATION_COMMENTS = YES;
				CLANG_WARN_EMPTY_BODY = YES;
				CLANG_WARN_ENUM_CONVERSION = YES;
				CLANG_WARN_INFINITE_RECURSION = YES;
				CLANG_WARN_INT_CONVERSION = YES;
				CLANG_WARN_NON_LITERAL_NULL_CONVERSION = YES;
				CLANG_WARN_OBJC_IMPLICIT_RETAIN_SELF = YES;
				CLANG_WARN_OBJC_LITERAL_CONVERSION = YES;
				CLANG_WARN_OBJC_ROOT_CLASS = YES_ERROR;
				CLANG_WARN_RANGE_LOOP_ANALYSIS = YES;
				CLANG_WARN_STRICT_PROTOTYPES = YES;
				CLANG_WARN_SUSPICIOUS_MOVE = YES;
				CLANG_WARN_UNGUARDED_AVAILABILITY = YES_AGGRESSIVE;
				CLANG_WARN_UNREACHABLE_CODE = YES;
				CLANG_WARN__DUPLICATE_METHOD_MATCH = YES;
				COPY_PHASE_STRIP = NO;
				DEBUG_INFORMATION_FORMAT = "dwarf-with-dsym";
				ENABLE_NS_ASSERTIONS = NO;
				ENABLE_STRICT_OBJC_MSGSEND = YES;
				GCC_C_LANGUAGE_STANDARD = gnu11;
				GCC_NO_COMMON_BLOCKS = YES;
				GCC_WARN_64_TO_32_BIT_CONVERSION = YES;
				GCC_WARN_ABOUT_RETURN_TYPE = YES_ERROR;
				GCC_WARN_UNDECLARED_SELECTOR = YES;
				GCC_WARN_UNINITIALIZED_AUTOS = YES_AGGRESSIVE;
				GCC_WARN_UNUSED_FUNCTION = YES;
				GCC_WARN_UNUSED_VARIABLE = YES;
				IPHONEOS_DEPLOYMENT_TARGET = 13.5;
				MTL_ENABLE_DEBUG_INFO = NO;
				MTL_FAST_MATH = YES;
				SDKROOT = iphoneos;
				SWIFT_COMPILATION_MODE = wholemodule;
				SWIFT_OPTIMIZATION_LEVEL = "-O";
				VALIDATE_PRODUCT = YES;
			};
			name = Release;
		};
		61BF22992481ACB90093D867 /* Debug */ = {
			isa = XCBuildConfiguration;
			baseConfigurationReference = 59526B5A41B841F8A683142A /* Pods-ExpenseSheet.debug.xcconfig */;
			buildSettings = {
				ASSETCATALOG_COMPILER_APPICON_NAME = AppIcon;
				CODE_SIGN_ENTITLEMENTS = "Expense Sheet/Expense Sheet.entitlements";
				CODE_SIGN_STYLE = Automatic;
				CURRENT_PROJECT_VERSION = 1;
				DEVELOPMENT_ASSET_PATHS = "\"Expense Sheet/Preview Content\"";
				DEVELOPMENT_TEAM = HG4G2ZMGV8;
				ENABLE_PREVIEWS = YES;
				FRAMEWORK_SEARCH_PATHS = (
					"$(inherited)",
					"$(PROJECT_DIR)/GoogleMobileAdsSdkiOS-7.62.0",
				);
				INFOPLIST_FILE = "Expense Sheet/Info.plist";
				LD_RUNPATH_SEARCH_PATHS = (
					"$(inherited)",
					"@executable_path/Frameworks",
				);
				MARKETING_VERSION = 1.5;
				PRODUCT_BUNDLE_IDENTIFIER = biszaal.Expense;
				PRODUCT_NAME = "$(TARGET_NAME)";
				SUPPORTS_MACCATALYST = NO;
				SWIFT_VERSION = 5.0;
				TARGETED_DEVICE_FAMILY = "1,2";
			};
			name = Debug;
		};
		61BF229A2481ACB90093D867 /* Release */ = {
			isa = XCBuildConfiguration;
			baseConfigurationReference = AB6FBFD7AE2638119C09D137 /* Pods-ExpenseSheet.release.xcconfig */;
			buildSettings = {
				ASSETCATALOG_COMPILER_APPICON_NAME = AppIcon;
				CODE_SIGN_ENTITLEMENTS = "Expense Sheet/Expense Sheet.entitlements";
				CODE_SIGN_STYLE = Automatic;
				CURRENT_PROJECT_VERSION = 1;
				DEVELOPMENT_ASSET_PATHS = "\"Expense Sheet/Preview Content\"";
				DEVELOPMENT_TEAM = HG4G2ZMGV8;
				ENABLE_PREVIEWS = YES;
				FRAMEWORK_SEARCH_PATHS = (
					"$(inherited)",
					"$(PROJECT_DIR)/GoogleMobileAdsSdkiOS-7.62.0",
				);
				INFOPLIST_FILE = "Expense Sheet/Info.plist";
				LD_RUNPATH_SEARCH_PATHS = (
					"$(inherited)",
					"@executable_path/Frameworks",
				);
				MARKETING_VERSION = 1.5;
				PRODUCT_BUNDLE_IDENTIFIER = biszaal.Expense;
				PRODUCT_NAME = "$(TARGET_NAME)";
				SUPPORTS_MACCATALYST = NO;
				SWIFT_VERSION = 5.0;
				TARGETED_DEVICE_FAMILY = "1,2";
			};
			name = Release;
		};
/* End XCBuildConfiguration section */

/* Begin XCConfigurationList section */
		61BF227C2481ACB80093D867 /* Build configuration list for PBXProject "ExpenseSheet" */ = {
			isa = XCConfigurationList;
			buildConfigurations = (
				61BF22962481ACB90093D867 /* Debug */,
				61BF22972481ACB90093D867 /* Release */,
			);
			defaultConfigurationIsVisible = 0;
			defaultConfigurationName = Release;
		};
		61BF22982481ACB90093D867 /* Build configuration list for PBXNativeTarget "ExpenseSheet" */ = {
			isa = XCConfigurationList;
			buildConfigurations = (
				61BF22992481ACB90093D867 /* Debug */,
				61BF229A2481ACB90093D867 /* Release */,
			);
			defaultConfigurationIsVisible = 0;
			defaultConfigurationName = Release;
		};
/* End XCConfigurationList section */

/* Begin XCRemoteSwiftPackageReference section */
		61E5042724D2050E0082DA46 /* XCRemoteSwiftPackageReference "QGrid" */ = {
			isa = XCRemoteSwiftPackageReference;
			repositoryURL = "https://github.com/Q-Mobile/QGrid";
			requirement = {
				kind = upToNextMajorVersion;
				minimumVersion = 0.1.4;
			};
		};
/* End XCRemoteSwiftPackageReference section */

/* Begin XCSwiftPackageProductDependency section */
		61E5042824D2050E0082DA46 /* QGrid */ = {
			isa = XCSwiftPackageProductDependency;
			package = 61E5042724D2050E0082DA46 /* XCRemoteSwiftPackageReference "QGrid" */;
			productName = QGrid;
		};
/* End XCSwiftPackageProductDependency section */

/* Begin XCVersionGroup section */
		61BF22882481ACB80093D867 /* Expense_Sheet.xcdatamodeld */ = {
			isa = XCVersionGroup;
			children = (
				61BF22892481ACB80093D867 /* Expense_Sheet.xcdatamodel */,
			);
			currentVersion = 61BF22892481ACB80093D867 /* Expense_Sheet.xcdatamodel */;
			path = Expense_Sheet.xcdatamodeld;
			sourceTree = "<group>";
			versionGroupType = wrapper.xcdatamodel;
		};
/* End XCVersionGroup section */
	};
	rootObject = 61BF22792481ACB80093D867 /* Project object */;
}
